
Microsoft Visual Studio Solution File, Format Version 12.00
# Visual Studio Version 17
VisualStudioVersion = 17.10.35013.160
MinimumVisualStudioVersion = 10.0.40219.1
Project("{FAE04EC0-301F-11D3-BF4B-00C04F79EFBC}") = "NotificationChannelParser", "ConsoleApp1\NotificationChannelParser.csproj", "{F6EE5683-B3FD-4EAC-8D9E-2103FE1E523D}"
EndProject
Global
	GlobalSection(SolutionConfigurationPlatforms) = preSolution
		Debug|Any CPU = Debug|Any CPU
		Release|Any CPU = Release|Any CPU
	EndGlobalSection
	GlobalSection(ProjectConfigurationPlatforms) = postSolution
		{F6EE5683-B3FD-4EAC-8D9E-2103FE1E523D}.Debug|Any CPU.ActiveCfg = Debug|Any CPU
		{F6EE5683-B3FD-4EAC-8D9E-2103FE1E523D}.Debug|Any CPU.Build.0 = Debug|Any CPU
		{F6EE5683-B3FD-4EAC-8D9E-2103FE1E523D}.Release|Any CPU.ActiveCfg = Release|Any CPU
		{F6EE5683-B3FD-4EAC-8D9E-2103FE1E523D}.Release|Any CPU.Build.0 = Release|Any CPU
	EndGlobalSection
	GlobalSection(SolutionProperties) = preSolution
		HideSolutionNode = FALSE
	EndGlobalSection
	GlobalSection(ExtensibilityGlobals) = postSolution
		SolutionGuid = {D4878B1E-8FEE-4626-B77C-65F8E542A664}
	EndGlobalSection
EndGlobal
